
Microsoft Visual Studio Solution File, Format Version 12.00
# Visual Studio Version 17
VisualStudioVersion = 17.5.33103.201
MinimumVisualStudioVersion = 10.0.40219.1
Project("{9A19103F-16F7-4668-BE54-9A1E7A4F7556}") = "NeuralNET", "NeuralNET\NeuralNET.csproj", "{1D5790DE-282F-4AF8-99B6-DA30F41E5D8F}"
EndProject
Project("{9A19103F-16F7-4668-BE54-9A1E7A4F7556}") = "NeuralNET.Tests", "Tests\NeuralNET.Tests\NeuralNET.Tests.csproj", "{D0169257-2C37-4A32-A577-3D6CE01B540C}"
EndProject
Project("{9A19103F-16F7-4668-BE54-9A1E7A4F7556}") = "NeuralNET.Runner", "NeuralNET.Runner\NeuralNET.Runner.csproj", "{BB674FD7-F446-4AF1-A7BC-70B31E4534A7}"
EndProject
Project("{FAE04EC0-301F-11D3-BF4B-00C04F79EFBC}") = "NerualNet.DataViewer", "NerualNet.DataViewer\NerualNet.DataViewer.csproj", "{5C003EEC-6817-4325-B57F-5A599D3CEC2D}"
EndProject
Global
	GlobalSection(SolutionConfigurationPlatforms) = preSolution
		Debug|Any CPU = Debug|Any CPU
		Release|Any CPU = Release|Any CPU
	EndGlobalSection
	GlobalSection(ProjectConfigurationPlatforms) = postSolution
		{1D5790DE-282F-4AF8-99B6-DA30F41E5D8F}.Debug|Any CPU.ActiveCfg = Debug|Any CPU
		{1D5790DE-282F-4AF8-99B6-DA30F41E5D8F}.Debug|Any CPU.Build.0 = Debug|Any CPU
		{1D5790DE-282F-4AF8-99B6-DA30F41E5D8F}.Release|Any CPU.ActiveCfg = Release|Any CPU
		{1D5790DE-282F-4AF8-99B6-DA30F41E5D8F}.Release|Any CPU.Build.0 = Release|Any CPU
		{D0169257-2C37-4A32-A577-3D6CE01B540C}.Debug|Any CPU.ActiveCfg = Debug|Any CPU
		{D0169257-2C37-4A32-A577-3D6CE01B540C}.Debug|Any CPU.Build.0 = Debug|Any CPU
		{D0169257-2C37-4A32-A577-3D6CE01B540C}.Release|Any CPU.ActiveCfg = Release|Any CPU
		{D0169257-2C37-4A32-A577-3D6CE01B540C}.Release|Any CPU.Build.0 = Release|Any CPU
		{BB674FD7-F446-4AF1-A7BC-70B31E4534A7}.Debug|Any CPU.ActiveCfg = Debug|Any CPU
		{BB674FD7-F446-4AF1-A7BC-70B31E4534A7}.Debug|Any CPU.Build.0 = Debug|Any CPU
		{BB674FD7-F446-4AF1-A7BC-70B31E4534A7}.Release|Any CPU.ActiveCfg = Release|Any CPU
		{BB674FD7-F446-4AF1-A7BC-70B31E4534A7}.Release|Any CPU.Build.0 = Release|Any CPU
		{5C003EEC-6817-4325-B57F-5A599D3CEC2D}.Debug|Any CPU.ActiveCfg = Debug|Any CPU
		{5C003EEC-6817-4325-B57F-5A599D3CEC2D}.Debug|Any CPU.Build.0 = Debug|Any CPU
		{5C003EEC-6817-4325-B57F-5A599D3CEC2D}.Release|Any CPU.ActiveCfg = Release|Any CPU
		{5C003EEC-6817-4325-B57F-5A599D3CEC2D}.Release|Any CPU.Build.0 = Release|Any CPU
	EndGlobalSection
	GlobalSection(SolutionProperties) = preSolution
		HideSolutionNode = FALSE
	EndGlobalSection
	GlobalSection(ExtensibilityGlobals) = postSolution
		SolutionGuid = {ACD981A2-6849-4377-9D0F-79B78ADDEE28}
	EndGlobalSection
EndGlobal
